
Microsoft Visual Studio Solution File, Format Version 12.00
# Visual Studio 2012
Project("{FAE04EC0-301F-11D3-BF4B-00C04F79EFBC}") = "Nancy.Swagger", "Nancy.Swagger\Nancy.Swagger.csproj", "{CF36EFAA-88B0-4FA3-BA85-D54FA8003351}"
EndProject
Project("{2150E333-8FDC-42A3-9474-1A3956D46DE8}") = "Solution Items", "Solution Items", "{DC204B53-13CB-4975-8B04-CD611351FD2F}"
	ProjectSection(SolutionItems) = preProject
		.gitignore = .gitignore
		LICENSE = LICENSE
		README.md = README.md
	EndProjectSection
EndProject
Project("{FAE04EC0-301F-11D3-BF4B-00C04F79EFBC}") = "Nancy.Swagger.TestApp", "Nancy.Swagger.TestApp\Nancy.Swagger.TestApp.csproj", "{ED638DD5-E755-4B7A-940D-5C94AB425686}"
EndProject
Project("{2150E333-8FDC-42A3-9474-1A3956D46DE8}") = ".nuget", ".nuget", "{AC964810-91D6-4F5D-8A4E-71BBBA2AE15B}"
	ProjectSection(SolutionItems) = preProject
		.nuget\NuGet.Config = .nuget\NuGet.Config
		.nuget\NuGet.exe = .nuget\NuGet.exe
		.nuget\NuGet.targets = .nuget\NuGet.targets
	EndProjectSection
EndProject
Project("{FAE04EC0-301F-11D3-BF4B-00C04F79EFBC}") = "Nancy.Swagger.Tests.Unit", "Nancy.Swagger.Tests.Unit\Nancy.Swagger.Tests.Unit.csproj", "{9959881D-977B-4ECB-A12B-99AA38D4E7B3}"
EndProject
Project("{FAE04EC0-301F-11D3-BF4B-00C04F79EFBC}") = "Nancy.Swagger.Providers.Attributes", "Nancy.Swagger.Providers.Attributes\Nancy.Swagger.Providers.Attributes.csproj", "{442A6D34-FA20-450E-A9B7-65E469C6C723}"
EndProject
Global
	GlobalSection(SolutionConfigurationPlatforms) = preSolution
		Debug|Any CPU = Debug|Any CPU
		Release|Any CPU = Release|Any CPU
	EndGlobalSection
	GlobalSection(ProjectConfigurationPlatforms) = postSolution
		{CF36EFAA-88B0-4FA3-BA85-D54FA8003351}.Debug|Any CPU.ActiveCfg = Debug|Any CPU
		{CF36EFAA-88B0-4FA3-BA85-D54FA8003351}.Debug|Any CPU.Build.0 = Debug|Any CPU
		{CF36EFAA-88B0-4FA3-BA85-D54FA8003351}.Release|Any CPU.ActiveCfg = Release|Any CPU
		{CF36EFAA-88B0-4FA3-BA85-D54FA8003351}.Release|Any CPU.Build.0 = Release|Any CPU
		{ED638DD5-E755-4B7A-940D-5C94AB425686}.Debug|Any CPU.ActiveCfg = Debug|Any CPU
		{ED638DD5-E755-4B7A-940D-5C94AB425686}.Debug|Any CPU.Build.0 = Debug|Any CPU
		{ED638DD5-E755-4B7A-940D-5C94AB425686}.Release|Any CPU.ActiveCfg = Release|Any CPU
		{ED638DD5-E755-4B7A-940D-5C94AB425686}.Release|Any CPU.Build.0 = Release|Any CPU
		{9959881D-977B-4ECB-A12B-99AA38D4E7B3}.Debug|Any CPU.ActiveCfg = Debug|Any CPU
		{9959881D-977B-4ECB-A12B-99AA38D4E7B3}.Debug|Any CPU.Build.0 = Debug|Any CPU
		{9959881D-977B-4ECB-A12B-99AA38D4E7B3}.Release|Any CPU.ActiveCfg = Release|Any CPU
		{9959881D-977B-4ECB-A12B-99AA38D4E7B3}.Release|Any CPU.Build.0 = Release|Any CPU
		{442A6D34-FA20-450E-A9B7-65E469C6C723}.Debug|Any CPU.ActiveCfg = Debug|Any CPU
		{442A6D34-FA20-450E-A9B7-65E469C6C723}.Debug|Any CPU.Build.0 = Debug|Any CPU
		{442A6D34-FA20-450E-A9B7-65E469C6C723}.Release|Any CPU.ActiveCfg = Release|Any CPU
		{442A6D34-FA20-450E-A9B7-65E469C6C723}.Release|Any CPU.Build.0 = Release|Any CPU
	EndGlobalSection
	GlobalSection(SolutionProperties) = preSolution
		HideSolutionNode = FALSE
	EndGlobalSection
EndGlobal
